
Microsoft Visual Studio Solution File, Format Version 12.00
# Visual Studio Version 17
VisualStudioVersion = 17.9.0.0
MinimumVisualStudioVersion = 10.0.40219.1
Project("{FAE04EC0-301F-11D3-BF4B-00C04F79EFBC}") = "ErpApp", "ErpApp\ErpApp.csproj", "{A1E4B3C2-1111-4A2B-9C3D-000000000001}"
EndProject
Project("{FAE04EC0-301F-11D3-BF4B-00C04F79EFBC}") = "ErpApp.Tests", "ErpApp.Tests\ErpApp.Tests.csproj", "{45AE595A-D36B-4955-A4CE-8D6E4FE7A101}"
EndProject
Project("{FAE04EC0-301F-11D3-BF4B-00C04F79EFBC}") = "ErpApp.IntegrationTests", "ErpApp.IntegrationTests\ErpApp.IntegrationTests.csproj", "{89FED106-36E4-49D7-933C-1DAE39D0EC2C}"
EndProject
Global
	GlobalSection(SolutionConfigurationPlatforms) = preSolution
		Debug|Any CPU = Debug|Any CPU
		Debug|x64 = Debug|x64
		Debug|x86 = Debug|x86
		Release|Any CPU = Release|Any CPU
		Release|x64 = Release|x64
		Release|x86 = Release|x86
	EndGlobalSection
	GlobalSection(ProjectConfigurationPlatforms) = postSolution
		{A1E4B3C2-1111-4A2B-9C3D-000000000001}.Debug|Any CPU.ActiveCfg = Debug|Any CPU
		{A1E4B3C2-1111-4A2B-9C3D-000000000001}.Debug|Any CPU.Build.0 = Debug|Any CPU
		{A1E4B3C2-1111-4A2B-9C3D-000000000001}.Debug|x64.ActiveCfg = Debug|Any CPU
		{A1E4B3C2-1111-4A2B-9C3D-000000000001}.Debug|x64.Build.0 = Debug|Any CPU
		{A1E4B3C2-1111-4A2B-9C3D-000000000001}.Debug|x86.ActiveCfg = Debug|Any CPU
		{A1E4B3C2-1111-4A2B-9C3D-000000000001}.Debug|x86.Build.0 = Debug|Any CPU
		{A1E4B3C2-1111-4A2B-9C3D-000000000001}.Release|Any CPU.ActiveCfg = Release|Any CPU
		{A1E4B3C2-1111-4A2B-9C3D-000000000001}.Release|Any CPU.Build.0 = Release|Any CPU
		{A1E4B3C2-1111-4A2B-9C3D-000000000001}.Release|x64.ActiveCfg = Release|Any CPU
		{A1E4B3C2-1111-4A2B-9C3D-000000000001}.Release|x64.Build.0 = Release|Any CPU
		{A1E4B3C2-1111-4A2B-9C3D-000000000001}.Release|x86.ActiveCfg = Release|Any CPU
		{A1E4B3C2-1111-4A2B-9C3D-000000000001}.Release|x86.Build.0 = Release|Any CPU
		{45AE595A-D36B-4955-A4CE-8D6E4FE7A101}.Debug|Any CPU.ActiveCfg = Debug|Any CPU
		{45AE595A-D36B-4955-A4CE-8D6E4FE7A101}.Debug|Any CPU.Build.0 = Debug|Any CPU
		{45AE595A-D36B-4955-A4CE-8D6E4FE7A101}.Debug|x64.ActiveCfg = Debug|Any CPU
		{45AE595A-D36B-4955-A4CE-8D6E4FE7A101}.Debug|x64.Build.0 = Debug|Any CPU
		{45AE595A-D36B-4955-A4CE-8D6E4FE7A101}.Debug|x86.ActiveCfg = Debug|Any CPU
		{45AE595A-D36B-4955-A4CE-8D6E4FE7A101}.Debug|x86.Build.0 = Debug|Any CPU
		{45AE595A-D36B-4955-A4CE-8D6E4FE7A101}.Release|Any CPU.ActiveCfg = Release|Any CPU
		{45AE595A-D36B-4955-A4CE-8D6E4FE7A101}.Release|Any CPU.Build.0 = Release|Any CPU
		{45AE595A-D36B-4955-A4CE-8D6E4FE7A101}.Release|x64.ActiveCfg = Release|Any CPU
		{45AE595A-D36B-4955-A4CE-8D6E4FE7A101}.Release|x64.Build.0 = Release|Any CPU
		{45AE595A-D36B-4955-A4CE-8D6E4FE7A101}.Release|x86.ActiveCfg = Release|Any CPU
		{45AE595A-D36B-4955-A4CE-8D6E4FE7A101}.Release|x86.Build.0 = Release|Any CPU
		{89FED106-36E4-49D7-933C-1DAE39D0EC2C}.Debug|Any CPU.ActiveCfg = Debug|Any CPU
		{89FED106-36E4-49D7-933C-1DAE39D0EC2C}.Debug|Any CPU.Build.0 = Debug|Any CPU
		{89FED106-36E4-49D7-933C-1DAE39D0EC2C}.Debug|x64.ActiveCfg = Debug|Any CPU
		{89FED106-36E4-49D7-933C-1DAE39D0EC2C}.Debug|x64.Build.0 = Debug|Any CPU
		{89FED106-36E4-49D7-933C-1DAE39D0EC2C}.Debug|x86.ActiveCfg = Debug|Any CPU
		{89FED106-36E4-49D7-933C-1DAE39D0EC2C}.Debug|x86.Build.0 = Debug|Any CPU
		{89FED106-36E4-49D7-933C-1DAE39D0EC2C}.Release|Any CPU.ActiveCfg = Release|Any CPU
		{89FED106-36E4-49D7-933C-1DAE39D0EC2C}.Release|Any CPU.Build.0 = Release|Any CPU
		{89FED106-36E4-49D7-933C-1DAE39D0EC2C}.Release|x64.ActiveCfg = Release|Any CPU
		{89FED106-36E4-49D7-933C-1DAE39D0EC2C}.Release|x64.Build.0 = Release|Any CPU
		{89FED106-36E4-49D7-933C-1DAE39D0EC2C}.Release|x86.ActiveCfg = Release|Any CPU
		{89FED106-36E4-49D7-933C-1DAE39D0EC2C}.Release|x86.Build.0 = Release|Any CPU
	EndGlobalSection
	GlobalSection(SolutionProperties) = preSolution
		HideSolutionNode = FALSE
	EndGlobalSection
EndGlobal
